
Microsoft Visual Studio Solution File, Format Version 12.00
# Visual Studio Version 17
VisualStudioVersion = 17.0.31903.59
MinimumVisualStudioVersion = 10.0.40219.1
Project("{2150E333-8FDC-42A3-9474-1A3956D46DE8}") = "src", "src", "{0AE4FF9D-4EB0-4555-88BF-7D9078B243FD}"
EndProject
Project("{FAE04EC0-301F-11D3-BF4B-00C04F79EFBC}") = "WadReader", "src\WadReader\WadReader.csproj", "{8E4E4BC8-7B2F-4B86-8CD3-E823C89DE43B}"
EndProject
Project("{FAE04EC0-301F-11D3-BF4B-00C04F79EFBC}") = "DoomLauncher.Core", "src\DoomLauncher.Core\DoomLauncher.Core.csproj", "{EB5CFA9F-2BAF-42BB-83DB-FA421336B40A}"
EndProject
Project("{FAE04EC0-301F-11D3-BF4B-00C04F79EFBC}") = "DoomLauncher.Gtk", "src\DoomLauncher.Gtk\DoomLauncher.Gtk.csproj", "{E06B7510-C5C2-467F-BD79-2D869B94AA28}"
EndProject
Project("{FAE04EC0-301F-11D3-BF4B-00C04F79EFBC}") = "DoomLauncher.Core.Tests", "src\DoomLauncher.Core.Tests\DoomLauncher.Core.Tests.csproj", "{DD2EA227-260F-4293-9BFD-EA5523F80BD6}"
EndProject
Global
	GlobalSection(SolutionConfigurationPlatforms) = preSolution
		Debug|Any CPU = Debug|Any CPU
		Release|Any CPU = Release|Any CPU
	EndGlobalSection
	GlobalSection(SolutionProperties) = preSolution
		HideSolutionNode = FALSE
	EndGlobalSection
	GlobalSection(ProjectConfigurationPlatforms) = postSolution
		{8E4E4BC8-7B2F-4B86-8CD3-E823C89DE43B}.Debug|Any CPU.ActiveCfg = Debug|Any CPU
		{8E4E4BC8-7B2F-4B86-8CD3-E823C89DE43B}.Debug|Any CPU.Build.0 = Debug|Any CPU
		{8E4E4BC8-7B2F-4B86-8CD3-E823C89DE43B}.Release|Any CPU.ActiveCfg = Release|Any CPU
		{8E4E4BC8-7B2F-4B86-8CD3-E823C89DE43B}.Release|Any CPU.Build.0 = Release|Any CPU
		{EB5CFA9F-2BAF-42BB-83DB-FA421336B40A}.Debug|Any CPU.ActiveCfg = Debug|Any CPU
		{EB5CFA9F-2BAF-42BB-83DB-FA421336B40A}.Debug|Any CPU.Build.0 = Debug|Any CPU
		{EB5CFA9F-2BAF-42BB-83DB-FA421336B40A}.Release|Any CPU.ActiveCfg = Release|Any CPU
		{EB5CFA9F-2BAF-42BB-83DB-FA421336B40A}.Release|Any CPU.Build.0 = Release|Any CPU
		{E06B7510-C5C2-467F-BD79-2D869B94AA28}.Debug|Any CPU.ActiveCfg = Debug|Any CPU
		{E06B7510-C5C2-467F-BD79-2D869B94AA28}.Debug|Any CPU.Build.0 = Debug|Any CPU
		{E06B7510-C5C2-467F-BD79-2D869B94AA28}.Release|Any CPU.ActiveCfg = Release|Any CPU
		{E06B7510-C5C2-467F-BD79-2D869B94AA28}.Release|Any CPU.Build.0 = Release|Any CPU
		{DD2EA227-260F-4293-9BFD-EA5523F80BD6}.Debug|Any CPU.ActiveCfg = Debug|Any CPU
		{DD2EA227-260F-4293-9BFD-EA5523F80BD6}.Debug|Any CPU.Build.0 = Debug|Any CPU
		{DD2EA227-260F-4293-9BFD-EA5523F80BD6}.Release|Any CPU.ActiveCfg = Release|Any CPU
		{DD2EA227-260F-4293-9BFD-EA5523F80BD6}.Release|Any CPU.Build.0 = Release|Any CPU
	EndGlobalSection
	GlobalSection(NestedProjects) = preSolution
		{8E4E4BC8-7B2F-4B86-8CD3-E823C89DE43B} = {0AE4FF9D-4EB0-4555-88BF-7D9078B243FD}
		{EB5CFA9F-2BAF-42BB-83DB-FA421336B40A} = {0AE4FF9D-4EB0-4555-88BF-7D9078B243FD}
		{E06B7510-C5C2-467F-BD79-2D869B94AA28} = {0AE4FF9D-4EB0-4555-88BF-7D9078B243FD}
		{DD2EA227-260F-4293-9BFD-EA5523F80BD6} = {0AE4FF9D-4EB0-4555-88BF-7D9078B243FD}
	EndGlobalSection
EndGlobal
